
Microsoft Visual Studio Solution File, Format Version 12.00
# Visual Studio Version 17
VisualStudioVersion = 17.13.35825.156 d17.13
MinimumVisualStudioVersion = 10.0.40219.1
Project("{FAE04EC0-301F-11D3-BF4B-00C04F79EFBC}") = "baitap4", "baitap4.csproj", "{F3835809-7960-48A6-AAAD-93F6F3EDC655}"
EndProject
Global
	GlobalSection(SolutionConfigurationPlatforms) = preSolution
		Debug|Any CPU = Debug|Any CPU
		Release|Any CPU = Release|Any CPU
	EndGlobalSection
	GlobalSection(ProjectConfigurationPlatforms) = postSolution
		{F3835809-7960-48A6-AAAD-93F6F3EDC655}.Debug|Any CPU.ActiveCfg = Debug|Any CPU
		{F3835809-7960-48A6-AAAD-93F6F3EDC655}.Debug|Any CPU.Build.0 = Debug|Any CPU
		{F3835809-7960-48A6-AAAD-93F6F3EDC655}.Release|Any CPU.ActiveCfg = Release|Any CPU
		{F3835809-7960-48A6-AAAD-93F6F3EDC655}.Release|Any CPU.Build.0 = Release|Any CPU
	EndGlobalSection
	GlobalSection(SolutionProperties) = preSolution
		HideSolutionNode = FALSE
	EndGlobalSection
	GlobalSection(ExtensibilityGlobals) = postSolution
		SolutionGuid = {8B78EC1A-6247-4556-A4ED-9CC79DF4F8CC}
	EndGlobalSection
EndGlobal
